// !$*UTF8*$!
{
	archiveVersion = 1;
	classes = {
	};
	objectVersion = 46;
	objects = {

/* Begin PBXBuildFile section */
		3110F6711EC77BA4000BA95B /* main.m in Sources */ = {isa = PBXBuildFile; fileRef = 3110F6701EC77BA4000BA95B /* main.m */; };
		3110F6741EC77BA4000BA95B /* AppDelegate.m in Sources */ = {isa = PBXBuildFile; fileRef = 3110F6731EC77BA4000BA95B /* AppDelegate.m */; };
		3110F67A1EC77BA4000BA95B /* Main.storyboard in Resources */ = {isa = PBXBuildFile; fileRef = 3110F6781EC77BA4000BA95B /* Main.storyboard */; };
		3110F67C1EC77BA4000BA95B /* Assets.xcassets in Resources */ = {isa = PBXBuildFile; fileRef = 3110F67B1EC77BA4000BA95B /* Assets.xcassets */; };
		3110F67F1EC77BA4000BA95B /* LaunchScreen.storyboard in Resources */ = {isa = PBXBuildFile; fileRef = 3110F67D1EC77BA4000BA95B /* LaunchScreen.storyboard */; };
		3110F6881EC77BD8000BA95B /* ViewController.m in Sources */ = {isa = PBXBuildFile; fileRef = 3110F6871EC77BD8000BA95B /* ViewController.m */; };
		3110F68B1EC77C1C000BA95B /* Record.m in Sources */ = {isa = PBXBuildFile; fileRef = 3110F68A1EC77C1C000BA95B /* Record.m */; };
		3110F68E1EC780F6000BA95B /* RecordCell.m in Sources */ = {isa = PBXBuildFile; fileRef = 3110F68D1EC780F6000BA95B /* RecordCell.m */; };
		3110F6941EC7BCBD000BA95B /* ShadowingView.m in Sources */ = {isa = PBXBuildFile; fileRef = 3110F6931EC7BCBD000BA95B /* ShadowingView.m */; };
		3110F6961EC7CB61000BA95B /* README.md in Sources */ = {isa = PBXBuildFile; fileRef = 3110F6951EC7CB61000BA95B /* README.md */; };
/* End PBXBuildFile section */

/* Begin PBXFileReference section */
		3110F66C1EC77BA4000BA95B /* test.app */ = {isa = PBXFileReference; explicitFileType = wrapper.application; includeInIndex = 0; path = test.app; sourceTree = BUILT_PRODUCTS_DIR; };
		3110F6701EC77BA4000BA95B /* main.m */ = {isa = PBXFileReference; lastKnownFileType = sourcecode.c.objc; path = main.m; sourceTree = "<group>"; };
		3110F6721EC77BA4000BA95B /* AppDelegate.h */ = {isa = PBXFileReference; lastKnownFileType = sourcecode.c.h; path = AppDelegate.h; sourceTree = "<group>"; };
		3110F6731EC77BA4000BA95B /* AppDelegate.m */ = {isa = PBXFileReference; lastKnownFileType = sourcecode.c.objc; path = AppDelegate.m; sourceTree = "<group>"; };
		3110F6791EC77BA4000BA95B /* Base */ = {isa = PBXFileReference; lastKnownFileType = file.storyboard; name = Base; path = Base.lproj/Main.storyboard; sourceTree = "<group>"; };
		3110F67B1EC77BA4000BA95B /* Assets.xcassets */ = {isa = PBXFileReference; lastKnownFileType = folder.assetcatalog; path = Assets.xcassets; sourceTree = "<group>"; };
		3110F67E1EC77BA4000BA95B /* Base */ = {isa = PBXFileReference; lastKnownFileType = file.storyboard; name = Base; path = Base.lproj/LaunchScreen.storyboard; sourceTree = "<group>"; };
		3110F6801EC77BA4000BA95B /* Info.plist */ = {isa = PBXFileReference; lastKnownFileType = text.plist.xml; path = Info.plist; sourceTree = "<group>"; };
		3110F6861EC77BD8000BA95B /* ViewController.h */ = {isa = PBXFileReference; fileEncoding = 4; lastKnownFileType = sourcecode.c.h; path = ViewController.h; sourceTree = "<group>"; };
		3110F6871EC77BD8000BA95B /* ViewController.m */ = {isa = PBXFileReference; fileEncoding = 4; lastKnownFileType = sourcecode.c.objc; path = ViewController.m; sourceTree = "<group>"; };
		3110F6891EC77C1C000BA95B /* Record.h */ = {isa = PBXFileReference; fileEncoding = 4; lastKnownFileType = sourcecode.c.h; path = Record.h; sourceTree = "<group>"; };
		3110F68A1EC77C1C000BA95B /* Record.m */ = {isa = PBXFileReference; fileEncoding = 4; lastKnownFileType = sourcecode.c.objc; path = Record.m; sourceTree = "<group>"; };
		3110F68C1EC780F6000BA95B /* RecordCell.h */ = {isa = PBXFileReference; fileEncoding = 4; lastKnownFileType = sourcecode.c.h; path = RecordCell.h; sourceTree = "<group>"; };
		3110F68D1EC780F6000BA95B /* RecordCell.m */ = {isa = PBXFileReference; fileEncoding = 4; lastKnownFileType = sourcecode.c.objc; path = RecordCell.m; sourceTree = "<group>"; };
		3110F6921EC7BCBD000BA95B /* ShadowingView.h */ = {isa = PBXFileReference; fileEncoding = 4; lastKnownFileType = sourcecode.c.h; path = ShadowingView.h; sourceTree = "<group>"; };
		3110F6931EC7BCBD000BA95B /* ShadowingView.m */ = {isa = PBXFileReference; fileEncoding = 4; lastKnownFileType = sourcecode.c.objc; path = ShadowingView.m; sourceTree = "<group>"; };
		3110F6951EC7CB61000BA95B /* README.md */ = {isa = PBXFileReference; fileEncoding = 4; lastKnownFileType = net.daringfireball.markdown; path = README.md; sourceTree = "<group>"; };
/* End PBXFileReference section */

/* Begin PBXFrameworksBuildPhase section */
		3110F6691EC77BA4000BA95B /* Frameworks */ = {
			isa = PBXFrameworksBuildPhase;
			buildActionMask = 2147483647;
			files = (
			);
			runOnlyForDeploymentPostprocessing = 0;
		};
/* End PBXFrameworksBuildPhase section */

/* Begin PBXGroup section */
		3110F6631EC77BA4000BA95B = {
			isa = PBXGroup;
			children = (
				3110F6951EC7CB61000BA95B /* README.md */,
				3110F66E1EC77BA4000BA95B /* test */,
				3110F66D1EC77BA4000BA95B /* Products */,
			);
			sourceTree = "<group>";
		};
		3110F66D1EC77BA4000BA95B /* Products */ = {
			isa = PBXGroup;
			children = (
				3110F66C1EC77BA4000BA95B /* test.app */,
			);
			name = Products;
			sourceTree = "<group>";
		};
		3110F66E1EC77BA4000BA95B /* test */ = {
			isa = PBXGroup;
			children = (
				3110F6721EC77BA4000BA95B /* AppDelegate.h */,
				3110F6731EC77BA4000BA95B /* AppDelegate.m */,
				3110F6781EC77BA4000BA95B /* Main.storyboard */,
				3110F67B1EC77BA4000BA95B /* Assets.xcassets */,
				3110F67D1EC77BA4000BA95B /* LaunchScreen.storyboard */,
				3110F6801EC77BA4000BA95B /* Info.plist */,
				3110F66F1EC77BA4000BA95B /* Supporting Files */,
				3110F6861EC77BD8000BA95B /* ViewController.h */,
				3110F6871EC77BD8000BA95B /* ViewController.m */,
				3110F6891EC77C1C000BA95B /* Record.h */,
				3110F68A1EC77C1C000BA95B /* Record.m */,
				3110F68C1EC780F6000BA95B /* RecordCell.h */,
				3110F68D1EC780F6000BA95B /* RecordCell.m */,
				3110F6921EC7BCBD000BA95B /* ShadowingView.h */,
				3110F6931EC7BCBD000BA95B /* ShadowingView.m */,
			);
			path = test;
			sourceTree = "<group>";
		};
		3110F66F1EC77BA4000BA95B /* Supporting Files */ = {
			isa = PBXGroup;
			children = (
				3110F6701EC77BA4000BA95B /* main.m */,
			);
			name = "Supporting Files";
			sourceTree = "<group>";
		};
/* End PBXGroup section */

/* Begin PBXNativeTarget section */
		3110F66B1EC77BA4000BA95B /* test */ = {
			isa = PBXNativeTarget;
			buildConfigurationList = 3110F6831EC77BA4000BA95B /* Build configuration list for PBXNativeTarget "test" */;
			buildPhases = (
				3110F6681EC77BA4000BA95B /* Sources */,
				3110F6691EC77BA4000BA95B /* Frameworks */,
				3110F66A1EC77BA4000BA95B /* Resources */,
			);
			buildRules = (
			);
			dependencies = (
			);
			name = test;
			productName = test;
			productReference = 3110F66C1EC77BA4000BA95B /* test.app */;
			productType = "com.apple.product-type.application";
		};
/* End PBXNativeTarget section */

/* Begin PBXProject section */
		3110F6641EC77BA4000BA95B /* Project object */ = {
			isa = PBXProject;
			attributes = {
				LastUpgradeCheck = 0830;
				ORGANIZATIONNAME = "Rob Mayoff";
				TargetAttributes = {
					3110F66B1EC77BA4000BA95B = {
						CreatedOnToolsVersion = 8.3.2;
						DevelopmentTeam = GVBKTM899S;
						ProvisioningStyle = Automatic;
					};
				};
			};
			buildConfigurationList = 3110F6671EC77BA4000BA95B /* Build configuration list for PBXProject "test" */;
			compatibilityVersion = "Xcode 3.2";
			developmentRegion = English;
			hasScannedForEncodings = 0;
			knownRegions = (
				en,
				Base,
			);
			mainGroup = 3110F6631EC77BA4000BA95B;
			productRefGroup = 3110F66D1EC77BA4000BA95B /* Products */;
			projectDirPath = "";
			projectRoot = "";
			targets = (
				3110F66B1EC77BA4000BA95B /* test */,
			);
		};
/* End PBXProject section */

/* Begin PBXResourcesBuildPhase section */
		3110F66A1EC77BA4000BA95B /* Resources */ = {
			isa = PBXResourcesBuildPhase;
			buildActionMask = 2147483647;
			files = (
				3110F67F1EC77BA4000BA95B /* LaunchScreen.storyboard in Resources */,
				3110F67C1EC77BA4000BA95B /* Assets.xcassets in Resources */,
				3110F67A1EC77BA4000BA95B /* Main.storyboard in Resources */,
			);
			runOnlyForDeploymentPostprocessing = 0;
		};
/* End PBXResourcesBuildPhase section */

/* Begin PBXSourcesBuildPhase section */
		3110F6681EC77BA4000BA95B /* Sources */ = {
			isa = PBXSourcesBuildPhase;
			buildActionMask = 2147483647;
			files = (
				3110F6881EC77BD8000BA95B /* ViewController.m in Sources */,
				3110F6741EC77BA4000BA95B /* AppDelegate.m in Sources */,
				3110F6941EC7BCBD000BA95B /* ShadowingView.m in Sources */,
				3110F6961EC7CB61000BA95B /* README.md in Sources */,
				3110F68E1EC780F6000BA95B /* RecordCell.m in Sources */,
				3110F68B1EC77C1C000BA95B /* Record.m in Sources */,
				3110F6711EC77BA4000BA95B /* main.m in Sources */,
			);
			runOnlyForDeploymentPostprocessing = 0;
		};
/* End PBXSourcesBuildPhase section */

/* Begin PBXVariantGroup section */
		3110F6781EC77BA4000BA95B /* Main.storyboard */ = {
			isa = PBXVariantGroup;
			children = (
				3110F6791EC77BA4000BA95B /* Base */,
			);
			name = Main.storyboard;
			sourceTree = "<group>";
		};
		3110F67D1EC77BA4000BA95B /* LaunchScreen.storyboard */ = {
			isa = PBXVariantGroup;
			children = (
				3110F67E1EC77BA4000BA95B /* Base */,
			);
			name = LaunchScreen.storyboard;
			sourceTree = "<group>";
		};
/* End PBXVariantGroup section */

/* Begin XCBuildConfiguration section */
		3110F6811EC77BA4000BA95B /* Debug */ = {
			isa = XCBuildConfiguration;
			buildSettings = {
				ALWAYS_SEARCH_USER_PATHS = NO;
				CLANG_ANALYZER_NONNULL = YES;
				CLANG_ANALYZER_NUMBER_OBJECT_CONVERSION = YES_AGGRESSIVE;
				CLANG_CXX_LANGUAGE_STANDARD = "gnu++0x";
				CLANG_CXX_LIBRARY = "libc++";
				CLANG_ENABLE_MODULES = YES;
				CLANG_ENABLE_OBJC_ARC = YES;
				CLANG_WARN_BOOL_CONVERSION = YES;
				CLANG_WARN_CONSTANT_CONVERSION = YES;
				CLANG_WARN_DIRECT_OBJC_ISA_USAGE = YES_ERROR;
				CLANG_WARN_DOCUMENTATION_COMMENTS = YES;
				CLANG_WARN_EMPTY_BODY = YES;
				CLANG_WARN_ENUM_CONVERSION = YES;
				CLANG_WARN_INFINITE_RECURSION = YES;
				CLANG_WARN_INT_CONVERSION = YES;
				CLANG_WARN_OBJC_ROOT_CLASS = YES_ERROR;
				CLANG_WARN_SUSPICIOUS_MOVE = YES;
				CLANG_WARN_UNREACHABLE_CODE = YES;
				CLANG_WARN__DUPLICATE_METHOD_MATCH = YES;
				"CODE_SIGN_IDENTITY[sdk=iphoneos*]" = "iPhone Developer";
				COPY_PHASE_STRIP = NO;
				DEBUG_INFORMATION_FORMAT = dwarf;
				ENABLE_STRICT_OBJC_MSGSEND = YES;
				ENABLE_TESTABILITY = YES;
				GCC_C_LANGUAGE_STANDARD = gnu99;
				GCC_DYNAMIC_NO_PIC = NO;
				GCC_NO_COMMON_BLOCKS = YES;
				GCC_OPTIMIZATION_LEVEL = 0;
				GCC_PREPROCESSOR_DEFINITIONS = (
					"DEBUG=1",
					"$(inherited)",
				);
				GCC_WARN_64_TO_32_BIT_CONVERSION = YES;
				GCC_WARN_ABOUT_RETURN_TYPE = YES_ERROR;
				GCC_WARN_UNDECLARED_SELECTOR = YES;
				GCC_WARN_UNINITIALIZED_AUTOS = YES_AGGRESSIVE;
				GCC_WARN_UNUSED_FUNCTION = YES;
				GCC_WARN_UNUSED_VARIABLE = YES;
				IPHONEOS_DEPLOYMENT_TARGET = 10.3;
				MTL_ENABLE_DEBUG_INFO = YES;
				ONLY_ACTIVE_ARCH = YES;
				SDKROOT = iphoneos;
			};
			name = Debug;
		};
		3110F6821EC77BA4000BA95B /* Release */ = {
			isa = XCBuildConfiguration;
			buildSettings = {
				ALWAYS_SEARCH_USER_PATHS = NO;
				CLANG_ANALYZER_NONNULL = YES;
				CLANG_ANALYZER_NUMBER_OBJECT_CONVERSION = YES_AGGRESSIVE;
				CLANG_CXX_LANGUAGE_STANDARD = "gnu++0x";
				CLANG_CXX_LIBRARY = "libc++";
				CLANG_ENABLE_MODULES = YES;
				CLANG_ENABLE_OBJC_ARC = YES;
				CLANG_WARN_BOOL_CONVERSION = YES;
				CLANG_WARN_CONSTANT_CONVERSION = YES;
				CLANG_WARN_DIRECT_OBJC_ISA_USAGE = YES_ERROR;
				CLANG_WARN_DOCUMENTATION_COMMENTS = YES;
				CLANG_WARN_EMPTY_BODY = YES;
				CLANG_WARN_ENUM_CONVERSION = YES;
				CLANG_WARN_INFINITE_RECURSION = YES;
				CLANG_WARN_INT_CONVERSION = YES;
				CLANG_WARN_OBJC_ROOT_CLASS = YES_ERROR;
				CLANG_WARN_SUSPICIOUS_MOVE = YES;
				CLANG_WARN_UNREACHABLE_CODE = YES;
				CLANG_WARN__DUPLICATE_METHOD_MATCH = YES;
				"CODE_SIGN_IDENTITY[sdk=iphoneos*]" = "iPhone Developer";
				COPY_PHASE_STRIP = NO;
				DEBUG_INFORMATION_FORMAT = "dwarf-with-dsym";
				ENABLE_NS_ASSERTIONS = NO;
				ENABLE_STRICT_OBJC_MSGSEND = YES;
				GCC_C_LANGUAGE_STANDARD = gnu99;
				GCC_NO_COMMON_BLOCKS = YES;
				GCC_WARN_64_TO_32_BIT_CONVERSION = YES;
				GCC_WARN_ABOUT_RETURN_TYPE = YES_ERROR;
				GCC_WARN_UNDECLARED_SELECTOR = YES;
				GCC_WARN_UNINITIALIZED_AUTOS = YES_AGGRESSIVE;
				GCC_WARN_UNUSED_FUNCTION = YES;
				GCC_WARN_UNUSED_VARIABLE = YES;
				IPHONEOS_DEPLOYMENT_TARGET = 10.3;
				MTL_ENABLE_DEBUG_INFO = NO;
				SDKROOT = iphoneos;
				VALIDATE_PRODUCT = YES;
			};
			name = Release;
		};
		3110F6841EC77BA4000BA95B /* Debug */ = {
			isa = XCBuildConfiguration;
			buildSettings = {
				ASSETCATALOG_COMPILER_APPICON_NAME = AppIcon;
				DEVELOPMENT_TEAM = GVBKTM899S;
				INFOPLIST_FILE = test/Info.plist;
				LD_RUNPATH_SEARCH_PATHS = "$(inherited) @executable_path/Frameworks";
				PRODUCT_BUNDLE_IDENTIFIER = com.dqd.test;
				PRODUCT_NAME = "$(TARGET_NAME)";
			};
			name = Debug;
		};
		3110F6851EC77BA4000BA95B /* Release */ = {
			isa = XCBuildConfiguration;
			buildSettings = {
				ASSETCATALOG_COMPILER_APPICON_NAME = AppIcon;
				DEVELOPMENT_TEAM = GVBKTM899S;
				INFOPLIST_FILE = test/Info.plist;
				LD_RUNPATH_SEARCH_PATHS = "$(inherited) @executable_path/Frameworks";
				PRODUCT_BUNDLE_IDENTIFIER = com.dqd.test;
				PRODUCT_NAME = "$(TARGET_NAME)";
			};
			name = Release;
		};
/* End XCBuildConfiguration section */

/* Begin XCConfigurationList section */
		3110F6671EC77BA4000BA95B /* Build configuration list for PBXProject "test" */ = {
			isa = XCConfigurationList;
			buildConfigurations = (
				3110F6811EC77BA4000BA95B /* Debug */,
				3110F6821EC77BA4000BA95B /* Release */,
			);
			defaultConfigurationIsVisible = 0;
			defaultConfigurationName = Release;
		};
		3110F6831EC77BA4000BA95B /* Build configuration list for PBXNativeTarget "test" */ = {
			isa = XCConfigurationList;
			buildConfigurations = (
				3110F6841EC77BA4000BA95B /* Debug */,
				3110F6851EC77BA4000BA95B /* Release */,
			);
			defaultConfigurationIsVisible = 0;
			defaultConfigurationName = Release;
		};
/* End XCConfigurationList section */
	};
	rootObject = 3110F6641EC77BA4000BA95B /* Project object */;
}
